Microsoft Visual Studio Solution File, Format Version 12.00
# Visual Studio Version 17
VisualStudioVersion = 17.11.34929.205
MinimumVisualStudioVersion = 10.0.40219.1
Project("{9A19103F-16F7-4668-BE54-9A1E7A4F7556}") = "AutomationSpy", "src\AutomationSpy\AutomationSpy.csproj", "{3549AB3D-03CD-4CAB-8CFD-949029F4101B}"
EndProject
Project("{2150E333-8FDC-42A3-9474-1A3956D46DE8}") = "{root}", "{root}", "{701D6DFD-F557-460F-9280-A45F1F4B2368}"
	ProjectSection(SolutionItems) = preProject
		.editorconfig = .editorconfig
	EndProjectSection
EndProject
Global
	GlobalSection(ExtensibilityGlobals) = postSolution
		SolutionGuid = {BD6FD489-C1E2-48B9-9AC7-B1F761B67511}
	EndGlobalSection
	GlobalSection(SolutionConfigurationPlatforms) = preSolution
		Debug|Any CPU = Debug|Any CPU
		Release|Any CPU = Release|Any CPU
	EndGlobalSection
	GlobalSection(ProjectConfigurationPlatforms) = postSolution
		{3549AB3D-03CD-4CAB-8CFD-949029F4101B}.Debug|Any CPU.ActiveCfg = Debug|Any CPU
		{3549AB3D-03CD-4CAB-8CFD-949029F4101B}.Debug|Any CPU.Build.0 = Debug|Any CPU
		{3549AB3D-03CD-4CAB-8CFD-949029F4101B}.Release|Any CPU.ActiveCfg = Release|Any CPU
		{3549AB3D-03CD-4CAB-8CFD-949029F4101B}.Release|Any CPU.Build.0 = Release|Any CPU
	EndGlobalSection
	GlobalSection(SolutionProperties) = preSolution
		HideSolutionNode = FALSE
	EndGlobalSection
EndGlobal
